
Microsoft Visual Studio Solution File, Format Version 12.00
# Visual Studio Version 16
VisualStudioVersion = 16.0.30320.27
MinimumVisualStudioVersion = 10.0.40219.1
Project("{FAE04EC0-301F-11D3-BF4B-00C04F79EFBC}") = "ATM", "ATM\ATM.csproj", "{93B5B1C6-4335-4FA3-8C7D-B4630F17483D}"
EndProject
Global
	GlobalSection(SolutionConfigurationPlatforms) = preSolution
		Debug|Any CPU = Debug|Any CPU
		Release|Any CPU = Release|Any CPU
	EndGlobalSection
	GlobalSection(ProjectConfigurationPlatforms) = postSolution
		{93B5B1C6-4335-4FA3-8C7D-B4630F17483D}.Debug|Any CPU.ActiveCfg = Debug|Any CPU
		{93B5B1C6-4335-4FA3-8C7D-B4630F17483D}.Debug|Any CPU.Build.0 = Debug|Any CPU
		{93B5B1C6-4335-4FA3-8C7D-B4630F17483D}.Release|Any CPU.ActiveCfg = Release|Any CPU
		{93B5B1C6-4335-4FA3-8C7D-B4630F17483D}.Release|Any CPU.Build.0 = Release|Any CPU
	EndGlobalSection
	GlobalSection(SolutionProperties) = preSolution
		HideSolutionNode = FALSE
	EndGlobalSection
	GlobalSection(ExtensibilityGlobals) = postSolution
		SolutionGuid = {C4910105-4C69-45EA-A5BA-D084AF0BBF1D}
	EndGlobalSection
EndGlobal
